// !$*UTF8*$!
{
	archiveVersion = 1;
	classes = {
	};
	objectVersion = 50;
	objects = {

/* Begin PBXBuildFile section */
		47F0CC1926C4ABBF00716E0D /* AppDelegate.swift in Sources */ = {isa = PBXBuildFile; fileRef = 47F0CC1826C4ABBF00716E0D /* AppDelegate.swift */; };
		47F0CC1B26C4ABBF00716E0D /* SceneDelegate.swift in Sources */ = {isa = PBXBuildFile; fileRef = 47F0CC1A26C4ABBF00716E0D /* SceneDelegate.swift */; };
		47F0CC1D26C4ABBF00716E0D /* MainViewController.swift in Sources */ = {isa = PBXBuildFile; fileRef = 47F0CC1C26C4ABBF00716E0D /* MainViewController.swift */; };
		47F0CC2226C4ABBF00716E0D /* Assets.xcassets in Resources */ = {isa = PBXBuildFile; fileRef = 47F0CC2126C4ABBF00716E0D /* Assets.xcassets */; };
		47F0CC2526C4ABBF00716E0D /* LaunchScreen.storyboard in Resources */ = {isa = PBXBuildFile; fileRef = 47F0CC2326C4ABBF00716E0D /* LaunchScreen.storyboard */; };
		47F0CC3026C4ABBF00716E0D /* iOSTestProjectTests.swift in Sources */ = {isa = PBXBuildFile; fileRef = 47F0CC2F26C4ABBF00716E0D /* iOSTestProjectTests.swift */; };
		47F0CC3B26C4ABBF00716E0D /* iOSTestProjectUITests.swift in Sources */ = {isa = PBXBuildFile; fileRef = 47F0CC3A26C4ABBF00716E0D /* iOSTestProjectUITests.swift */; };
		47F0CC4B26C4AE2200716E0D /* MainViewCell.swift in Sources */ = {isa = PBXBuildFile; fileRef = 47F0CC4A26C4AE2200716E0D /* MainViewCell.swift */; };
		47F0CC4E26C4AED300716E0D /* BaseCell.swift in Sources */ = {isa = PBXBuildFile; fileRef = 47F0CC4D26C4AED300716E0D /* BaseCell.swift */; };
		47F0CC5026C4AF8200716E0D /* Strings.swift in Sources */ = {isa = PBXBuildFile; fileRef = 47F0CC4F26C4AF8200716E0D /* Strings.swift */; };
		47F0CC5426C4C55800716E0D /* Components.swift in Sources */ = {isa = PBXBuildFile; fileRef = 47F0CC5326C4C55800716E0D /* Components.swift */; };
		47F0CC5626C68F8100716E0D /* MainViewExtensioin.swift in Sources */ = {isa = PBXBuildFile; fileRef = 47F0CC5526C68F8100716E0D /* MainViewExtensioin.swift */; };
		47F0CC5926C692AA00716E0D /* ApiService.swift in Sources */ = {isa = PBXBuildFile; fileRef = 47F0CC5826C692AA00716E0D /* ApiService.swift */; };
		47F0CC5C26C692F100716E0D /* Video.swift in Sources */ = {isa = PBXBuildFile; fileRef = 47F0CC5B26C692F100716E0D /* Video.swift */; };
		47F0CC6126C697E800716E0D /* Course.swift in Sources */ = {isa = PBXBuildFile; fileRef = 47F0CC6026C697E800716E0D /* Course.swift */; };
		47F0CC6526C6C66D00716E0D /* courses.json in Sources */ = {isa = PBXBuildFile; fileRef = 47F0CC6426C6C66D00716E0D /* courses.json */; };
		47F0CC6726C6C84200716E0D /* jsonData.json in Resources */ = {isa = PBXBuildFile; fileRef = 47F0CC6626C6C84200716E0D /* jsonData.json */; };
		47F0CC6926C6C89F00716E0D /* courses.swift in Sources */ = {isa = PBXBuildFile; fileRef = 47F0CC6826C6C89F00716E0D /* courses.swift */; };
/* End PBXBuildFile section */

/* Begin PBXContainerItemProxy section */
		47F0CC2C26C4ABBF00716E0D /* PBXContainerItemProxy */ = {
			isa = PBXContainerItemProxy;
			containerPortal = 47F0CC0D26C4ABBF00716E0D /* Project object */;
			proxyType = 1;
			remoteGlobalIDString = 47F0CC1426C4ABBF00716E0D;
			remoteInfo = iOSTestProject;
		};
		47F0CC3726C4ABBF00716E0D /* PBXContainerItemProxy */ = {
			isa = PBXContainerItemProxy;
			containerPortal = 47F0CC0D26C4ABBF00716E0D /* Project object */;
			proxyType = 1;
			remoteGlobalIDString = 47F0CC1426C4ABBF00716E0D;
			remoteInfo = iOSTestProject;
		};
/* End PBXContainerItemProxy section */

/* Begin PBXFileReference section */
		47F0CC1526C4ABBF00716E0D /* iOSTestProject.app */ = {isa = PBXFileReference; explicitFileType = wrapper.application; includeInIndex = 0; path = iOSTestProject.app; sourceTree = BUILT_PRODUCTS_DIR; };
		47F0CC1826C4ABBF00716E0D /* AppDelegate.swift */ = {isa = PBXFileReference; lastKnownFileType = sourcecode.swift; path = AppDelegate.swift; sourceTree = "<group>"; };
		47F0CC1A26C4ABBF00716E0D /* SceneDelegate.swift */ = {isa = PBXFileReference; lastKnownFileType = sourcecode.swift; path = SceneDelegate.swift; sourceTree = "<group>"; };
		47F0CC1C26C4ABBF00716E0D /* MainViewController.swift */ = {isa = PBXFileReference; lastKnownFileType = sourcecode.swift; path = MainViewController.swift; sourceTree = "<group>"; };
		47F0CC2126C4ABBF00716E0D /* Assets.xcassets */ = {isa = PBXFileReference; lastKnownFileType = folder.assetcatalog; path = Assets.xcassets; sourceTree = "<group>"; };
		47F0CC2426C4ABBF00716E0D /* Base */ = {isa = PBXFileReference; lastKnownFileType = file.storyboard; name = Base; path = Base.lproj/LaunchScreen.storyboard; sourceTree = "<group>"; };
		47F0CC2626C4ABBF00716E0D /* Info.plist */ = {isa = PBXFileReference; lastKnownFileType = text.plist.xml; path = Info.plist; sourceTree = "<group>"; };
		47F0CC2B26C4ABBF00716E0D /* iOSTestProjectTests.xctest */ = {isa = PBXFileReference; explicitFileType = wrapper.cfbundle; includeInIndex = 0; path = iOSTestProjectTests.xctest; sourceTree = BUILT_PRODUCTS_DIR; };
		47F0CC2F26C4ABBF00716E0D /* iOSTestProjectTests.swift */ = {isa = PBXFileReference; lastKnownFileType = sourcecode.swift; path = iOSTestProjectTests.swift; sourceTree = "<group>"; };
		47F0CC3126C4ABBF00716E0D /* Info.plist */ = {isa = PBXFileReference; lastKnownFileType = text.plist.xml; path = Info.plist; sourceTree = "<group>"; };
		47F0CC3626C4ABBF00716E0D /* iOSTestProjectUITests.xctest */ = {isa = PBXFileReference; explicitFileType = wrapper.cfbundle; includeInIndex = 0; path = iOSTestProjectUITests.xctest; sourceTree = BUILT_PRODUCTS_DIR; };
		47F0CC3A26C4ABBF00716E0D /* iOSTestProjectUITests.swift */ = {isa = PBXFileReference; lastKnownFileType = sourcecode.swift; path = iOSTestProjectUITests.swift; sourceTree = "<group>"; };
		47F0CC3C26C4ABBF00716E0D /* Info.plist */ = {isa = PBXFileReference; lastKnownFileType = text.plist.xml; path = Info.plist; sourceTree = "<group>"; };
		47F0CC4A26C4AE2200716E0D /* MainViewCell.swift */ = {isa = PBXFileReference; lastKnownFileType = sourcecode.swift; path = MainViewCell.swift; sourceTree = "<group>"; };
		47F0CC4D26C4AED300716E0D /* BaseCell.swift */ = {isa = PBXFileReference; lastKnownFileType = sourcecode.swift; path = BaseCell.swift; sourceTree = "<group>"; };
		47F0CC4F26C4AF8200716E0D /* Strings.swift */ = {isa = PBXFileReference; lastKnownFileType = sourcecode.swift; path = Strings.swift; sourceTree = "<group>"; };
		47F0CC5326C4C55800716E0D /* Components.swift */ = {isa = PBXFileReference; lastKnownFileType = sourcecode.swift; path = Components.swift; sourceTree = "<group>"; };
		47F0CC5526C68F8100716E0D /* MainViewExtensioin.swift */ = {isa = PBXFileReference; lastKnownFileType = sourcecode.swift; path = MainViewExtensioin.swift; sourceTree = "<group>"; };
		47F0CC5826C692AA00716E0D /* ApiService.swift */ = {isa = PBXFileReference; lastKnownFileType = sourcecode.swift; path = ApiService.swift; sourceTree = "<group>"; };
		47F0CC5B26C692F100716E0D /* Video.swift */ = {isa = PBXFileReference; lastKnownFileType = sourcecode.swift; path = Video.swift; sourceTree = "<group>"; };
		47F0CC6026C697E800716E0D /* Course.swift */ = {isa = PBXFileReference; lastKnownFileType = sourcecode.swift; path = Course.swift; sourceTree = "<group>"; };
		47F0CC6426C6C66D00716E0D /* courses.json */ = {isa = PBXFileReference; lastKnownFileType = text.json; path = courses.json; sourceTree = "<group>"; };
		47F0CC6626C6C84200716E0D /* jsonData.json */ = {isa = PBXFileReference; lastKnownFileType = text.json; path = jsonData.json; sourceTree = "<group>"; };
		47F0CC6826C6C89F00716E0D /* courses.swift */ = {isa = PBXFileReference; lastKnownFileType = sourcecode.swift; path = courses.swift; sourceTree = "<group>"; };
/* End PBXFileReference section */

/* Begin PBXFrameworksBuildPhase section */
		47F0CC1226C4ABBF00716E0D /* Frameworks */ = {
			isa = PBXFrameworksBuildPhase;
			buildActionMask = 2147483647;
			files = (
			);
			runOnlyForDeploymentPostprocessing = 0;
		};
		47F0CC2826C4ABBF00716E0D /* Frameworks */ = {
			isa = PBXFrameworksBuildPhase;
			buildActionMask = 2147483647;
			files = (
			);
			runOnlyForDeploymentPostprocessing = 0;
		};
		47F0CC3326C4ABBF00716E0D /* Frameworks */ = {
			isa = PBXFrameworksBuildPhase;
			buildActionMask = 2147483647;
			files = (
			);
			runOnlyForDeploymentPostprocessing = 0;
		};
/* End PBXFrameworksBuildPhase section */

/* Begin PBXGroup section */
		47F0CC0C26C4ABBF00716E0D = {
			isa = PBXGroup;
			children = (
				47F0CC1726C4ABBF00716E0D /* iOSTestProject */,
				47F0CC2E26C4ABBF00716E0D /* iOSTestProjectTests */,
				47F0CC3926C4ABBF00716E0D /* iOSTestProjectUITests */,
				47F0CC1626C4ABBF00716E0D /* Products */,
			);
			sourceTree = "<group>";
		};
		47F0CC1626C4ABBF00716E0D /* Products */ = {
			isa = PBXGroup;
			children = (
				47F0CC1526C4ABBF00716E0D /* iOSTestProject.app */,
				47F0CC2B26C4ABBF00716E0D /* iOSTestProjectTests.xctest */,
				47F0CC3626C4ABBF00716E0D /* iOSTestProjectUITests.xctest */,
			);
			name = Products;
			sourceTree = "<group>";
		};
		47F0CC1726C4ABBF00716E0D /* iOSTestProject */ = {
			isa = PBXGroup;
			children = (
				47F0CC5A26C692D100716E0D /* Model */,
				47F0CC5726C6929900716E0D /* Networking */,
				47F0CC4C26C4AEC000716E0D /* Commons */,
				47F0CC4926C4ADDF00716E0D /* View */,
				47F0CC4826C4AD3900716E0D /* EntryTools */,
				47F0CC2126C4ABBF00716E0D /* Assets.xcassets */,
				47F0CC2326C4ABBF00716E0D /* LaunchScreen.storyboard */,
				47F0CC2626C4ABBF00716E0D /* Info.plist */,
				47F0CC6426C6C66D00716E0D /* courses.json */,
				47F0CC6626C6C84200716E0D /* jsonData.json */,
			);
			path = iOSTestProject;
			sourceTree = "<group>";
		};
		47F0CC2E26C4ABBF00716E0D /* iOSTestProjectTests */ = {
			isa = PBXGroup;
			children = (
				47F0CC2F26C4ABBF00716E0D /* iOSTestProjectTests.swift */,
				47F0CC3126C4ABBF00716E0D /* Info.plist */,
			);
			path = iOSTestProjectTests;
			sourceTree = "<group>";
		};
		47F0CC3926C4ABBF00716E0D /* iOSTestProjectUITests */ = {
			isa = PBXGroup;
			children = (
				47F0CC3A26C4ABBF00716E0D /* iOSTestProjectUITests.swift */,
				47F0CC3C26C4ABBF00716E0D /* Info.plist */,
			);
			path = iOSTestProjectUITests;
			sourceTree = "<group>";
		};
		47F0CC4826C4AD3900716E0D /* EntryTools */ = {
			isa = PBXGroup;
			children = (
				47F0CC1826C4ABBF00716E0D /* AppDelegate.swift */,
				47F0CC1A26C4ABBF00716E0D /* SceneDelegate.swift */,
			);
			path = EntryTools;
			sourceTree = "<group>";
		};
		47F0CC4926C4ADDF00716E0D /* View */ = {
			isa = PBXGroup;
			children = (
				47F0CC1C26C4ABBF00716E0D /* MainViewController.swift */,
				47F0CC4A26C4AE2200716E0D /* MainViewCell.swift */,
			);
			path = View;
			sourceTree = "<group>";
		};
		47F0CC4C26C4AEC000716E0D /* Commons */ = {
			isa = PBXGroup;
			children = (
				47F0CC4D26C4AED300716E0D /* BaseCell.swift */,
				47F0CC4F26C4AF8200716E0D /* Strings.swift */,
				47F0CC5326C4C55800716E0D /* Components.swift */,
				47F0CC5526C68F8100716E0D /* MainViewExtensioin.swift */,
			);
			path = Commons;
			sourceTree = "<group>";
		};
		47F0CC5726C6929900716E0D /* Networking */ = {
			isa = PBXGroup;
			children = (
				47F0CC5826C692AA00716E0D /* ApiService.swift */,
			);
			path = Networking;
			sourceTree = "<group>";
		};
		47F0CC5A26C692D100716E0D /* Model */ = {
			isa = PBXGroup;
			children = (
				47F0CC5B26C692F100716E0D /* Video.swift */,
				47F0CC6026C697E800716E0D /* Course.swift */,
				47F0CC6826C6C89F00716E0D /* courses.swift */,
			);
			path = Model;
			sourceTree = "<group>";
		};
/* End PBXGroup section */

/* Begin PBXNativeTarget section */
		47F0CC1426C4ABBF00716E0D /* iOSTestProject */ = {
			isa = PBXNativeTarget;
			buildConfigurationList = 47F0CC3F26C4ABBF00716E0D /* Build configuration list for PBXNativeTarget "iOSTestProject" */;
			buildPhases = (
				47F0CC1126C4ABBF00716E0D /* Sources */,
				47F0CC1226C4ABBF00716E0D /* Frameworks */,
				47F0CC1326C4ABBF00716E0D /* Resources */,
			);
			buildRules = (
			);
			dependencies = (
			);
			name = iOSTestProject;
			productName = iOSTestProject;
			productReference = 47F0CC1526C4ABBF00716E0D /* iOSTestProject.app */;
			productType = "com.apple.product-type.application";
		};
		47F0CC2A26C4ABBF00716E0D /* iOSTestProjectTests */ = {
			isa = PBXNativeTarget;
			buildConfigurationList = 47F0CC4226C4ABBF00716E0D /* Build configuration list for PBXNativeTarget "iOSTestProjectTests" */;
			buildPhases = (
				47F0CC2726C4ABBF00716E0D /* Sources */,
				47F0CC2826C4ABBF00716E0D /* Frameworks */,
				47F0CC2926C4ABBF00716E0D /* Resources */,
			);
			buildRules = (
			);
			dependencies = (
				47F0CC2D26C4ABBF00716E0D /* PBXTargetDependency */,
			);
			name = iOSTestProjectTests;
			productName = iOSTestProjectTests;
			productReference = 47F0CC2B26C4ABBF00716E0D /* iOSTestProjectTests.xctest */;
			productType = "com.apple.product-type.bundle.unit-test";
		};
		47F0CC3526C4ABBF00716E0D /* iOSTestProjectUITests */ = {
			isa = PBXNativeTarget;
			buildConfigurationList = 47F0CC4526C4ABBF00716E0D /* Build configuration list for PBXNativeTarget "iOSTestProjectUITests" */;
			buildPhases = (
				47F0CC3226C4ABBF00716E0D /* Sources */,
				47F0CC3326C4ABBF00716E0D /* Frameworks */,
				47F0CC3426C4ABBF00716E0D /* Resources */,
			);
			buildRules = (
			);
			dependencies = (
				47F0CC3826C4ABBF00716E0D /* PBXTargetDependency */,
			);
			name = iOSTestProjectUITests;
			productName = iOSTestProjectUITests;
			productReference = 47F0CC3626C4ABBF00716E0D /* iOSTestProjectUITests.xctest */;
			productType = "com.apple.product-type.bundle.ui-testing";
		};
/* End PBXNativeTarget section */

/* Begin PBXProject section */
		47F0CC0D26C4ABBF00716E0D /* Project object */ = {
			isa = PBXProject;
			attributes = {
				LastSwiftUpdateCheck = 1250;
				LastUpgradeCheck = 1250;
				TargetAttributes = {
					47F0CC1426C4ABBF00716E0D = {
						CreatedOnToolsVersion = 12.5.1;
					};
					47F0CC2A26C4ABBF00716E0D = {
						CreatedOnToolsVersion = 12.5.1;
						TestTargetID = 47F0CC1426C4ABBF00716E0D;
					};
					47F0CC3526C4ABBF00716E0D = {
						CreatedOnToolsVersion = 12.5.1;
						TestTargetID = 47F0CC1426C4ABBF00716E0D;
					};
				};
			};
			buildConfigurationList = 47F0CC1026C4ABBF00716E0D /* Build configuration list for PBXProject "iOSTestProject" */;
			compatibilityVersion = "Xcode 9.3";
			developmentRegion = en;
			hasScannedForEncodings = 0;
			knownRegions = (
				en,
				Base,
			);
			mainGroup = 47F0CC0C26C4ABBF00716E0D;
			productRefGroup = 47F0CC1626C4ABBF00716E0D /* Products */;
			projectDirPath = "";
			projectRoot = "";
			targets = (
				47F0CC1426C4ABBF00716E0D /* iOSTestProject */,
				47F0CC2A26C4ABBF00716E0D /* iOSTestProjectTests */,
				47F0CC3526C4ABBF00716E0D /* iOSTestProjectUITests */,
			);
		};
/* End PBXProject section */

/* Begin PBXResourcesBuildPhase section */
		47F0CC1326C4ABBF00716E0D /* Resources */ = {
			isa = PBXResourcesBuildPhase;
			buildActionMask = 2147483647;
			files = (
				47F0CC2526C4ABBF00716E0D /* LaunchScreen.storyboard in Resources */,
				47F0CC2226C4ABBF00716E0D /* Assets.xcassets in Resources */,
				47F0CC6726C6C84200716E0D /* jsonData.json in Resources */,
			);
			runOnlyForDeploymentPostprocessing = 0;
		};
		47F0CC2926C4ABBF00716E0D /* Resources */ = {
			isa = PBXResourcesBuildPhase;
			buildActionMask = 2147483647;
			files = (
			);
			runOnlyForDeploymentPostprocessing = 0;
		};
		47F0CC3426C4ABBF00716E0D /* Resources */ = {
			isa = PBXResourcesBuildPhase;
			buildActionMask = 2147483647;
			files = (
			);
			runOnlyForDeploymentPostprocessing = 0;
		};
/* End PBXResourcesBuildPhase section */

/* Begin PBXSourcesBuildPhase section */
		47F0CC1126C4ABBF00716E0D /* Sources */ = {
			isa = PBXSourcesBuildPhase;
			buildActionMask = 2147483647;
			files = (
				47F0CC1D26C4ABBF00716E0D /* MainViewController.swift in Sources */,
				47F0CC6126C697E800716E0D /* Course.swift in Sources */,
				47F0CC5626C68F8100716E0D /* MainViewExtensioin.swift in Sources */,
				47F0CC5426C4C55800716E0D /* Components.swift in Sources */,
				47F0CC6526C6C66D00716E0D /* courses.json in Sources */,
				47F0CC4B26C4AE2200716E0D /* MainViewCell.swift in Sources */,
				47F0CC1926C4ABBF00716E0D /* AppDelegate.swift in Sources */,
				47F0CC5926C692AA00716E0D /* ApiService.swift in Sources */,
				47F0CC6926C6C89F00716E0D /* courses.swift in Sources */,
				47F0CC4E26C4AED300716E0D /* BaseCell.swift in Sources */,
				47F0CC5026C4AF8200716E0D /* Strings.swift in Sources */,
				47F0CC1B26C4ABBF00716E0D /* SceneDelegate.swift in Sources */,
				47F0CC5C26C692F100716E0D /* Video.swift in Sources */,
			);
			runOnlyForDeploymentPostprocessing = 0;
		};
		47F0CC2726C4ABBF00716E0D /* Sources */ = {
			isa = PBXSourcesBuildPhase;
			buildActionMask = 2147483647;
			files = (
				47F0CC3026C4ABBF00716E0D /* iOSTestProjectTests.swift in Sources */,
			);
			runOnlyForDeploymentPostprocessing = 0;
		};
		47F0CC3226C4ABBF00716E0D /* Sources */ = {
			isa = PBXSourcesBuildPhase;
			buildActionMask = 2147483647;
			files = (
				47F0CC3B26C4ABBF00716E0D /* iOSTestProjectUITests.swift in Sources */,
			);
			runOnlyForDeploymentPostprocessing = 0;
		};
/* End PBXSourcesBuildPhase section */

/* Begin PBXTargetDependency section */
		47F0CC2D26C4ABBF00716E0D /* PBXTargetDependency */ = {
			isa = PBXTargetDependency;
			target = 47F0CC1426C4ABBF00716E0D /* iOSTestProject */;
			targetProxy = 47F0CC2C26C4ABBF00716E0D /* PBXContainerItemProxy */;
		};
		47F0CC3826C4ABBF00716E0D /* PBXTargetDependency */ = {
			isa = PBXTargetDependency;
			target = 47F0CC1426C4ABBF00716E0D /* iOSTestProject */;
			targetProxy = 47F0CC3726C4ABBF00716E0D /* PBXContainerItemProxy */;
		};
/* End PBXTargetDependency section */

/* Begin PBXVariantGroup section */
		47F0CC2326C4ABBF00716E0D /* LaunchScreen.storyboard */ = {
			isa = PBXVariantGroup;
			children = (
				47F0CC2426C4ABBF00716E0D /* Base */,
			);
			name = LaunchScreen.storyboard;
			sourceTree = "<group>";
		};
/* End PBXVariantGroup section */

/* Begin XCBuildConfiguration section */
		47F0CC3D26C4ABBF00716E0D /* Debug */ = {
			isa = XCBuildConfiguration;
			buildSettings = {
				ALWAYS_SEARCH_USER_PATHS = NO;
				CLANG_ANALYZER_NONNULL = YES;
				CLANG_ANALYZER_NUMBER_OBJECT_CONVERSION = YES_AGGRESSIVE;
				CLANG_CXX_LANGUAGE_STANDARD = "gnu++14";
				CLANG_CXX_LIBRARY = "libc++";
				CLANG_ENABLE_MODULES = YES;
				CLANG_ENABLE_OBJC_ARC = YES;
				CLANG_ENABLE_OBJC_WEAK = YES;
				CLANG_WARN_BLOCK_CAPTURE_AUTORELEASING = YES;
				CLANG_WARN_BOOL_CONVERSION = YES;
				CLANG_WARN_COMMA = YES;
				CLANG_WARN_CONSTANT_CONVERSION = YES;
				CLANG_WARN_DEPRECATED_OBJC_IMPLEMENTATIONS = YES;
				CLANG_WARN_DIRECT_OBJC_ISA_USAGE = YES_ERROR;
				CLANG_WARN_DOCUMENTATION_COMMENTS = YES;
				CLANG_WARN_EMPTY_BODY = YES;
				CLANG_WARN_ENUM_CONVERSION = YES;
				CLANG_WARN_INFINITE_RECURSION = YES;
				CLANG_WARN_INT_CONVERSION = YES;
				CLANG_WARN_NON_LITERAL_NULL_CONVERSION = YES;
				CLANG_WARN_OBJC_IMPLICIT_RETAIN_SELF = YES;
				CLANG_WARN_OBJC_LITERAL_CONVERSION = YES;
				CLANG_WARN_OBJC_ROOT_CLASS = YES_ERROR;
				CLANG_WARN_QUOTED_INCLUDE_IN_FRAMEWORK_HEADER = YES;
				CLANG_WARN_RANGE_LOOP_ANALYSIS = YES;
				CLANG_WARN_STRICT_PROTOTYPES = YES;
				CLANG_WARN_SUSPICIOUS_MOVE = YES;
				CLANG_WARN_UNGUARDED_AVAILABILITY = YES_AGGRESSIVE;
				CLANG_WARN_UNREACHABLE_CODE = YES;
				CLANG_WARN__DUPLICATE_METHOD_MATCH = YES;
				COPY_PHASE_STRIP = NO;
				DEBUG_INFORMATION_FORMAT = dwarf;
				ENABLE_STRICT_OBJC_MSGSEND = YES;
				ENABLE_TESTABILITY = YES;
				GCC_C_LANGUAGE_STANDARD = gnu11;
				GCC_DYNAMIC_NO_PIC = NO;
				GCC_NO_COMMON_BLOCKS = YES;
				GCC_OPTIMIZATION_LEVEL = 0;
				GCC_PREPROCESSOR_DEFINITIONS = (
					"DEBUG=1",
					"$(inherited)",
				);
				GCC_WARN_64_TO_32_BIT_CONVERSION = YES;
				GCC_WARN_ABOUT_RETURN_TYPE = YES_ERROR;
				GCC_WARN_UNDECLARED_SELECTOR = YES;
				GCC_WARN_UNINITIALIZED_AUTOS = YES_AGGRESSIVE;
				GCC_WARN_UNUSED_FUNCTION = YES;
				GCC_WARN_UNUSED_VARIABLE = YES;
				IPHONEOS_DEPLOYMENT_TARGET = 14.5;
				MTL_ENABLE_DEBUG_INFO = INCLUDE_SOURCE;
				MTL_FAST_MATH = YES;
				ONLY_ACTIVE_ARCH = YES;
				SDKROOT = iphoneos;
				SWIFT_ACTIVE_COMPILATION_CONDITIONS = DEBUG;
				SWIFT_OPTIMIZATION_LEVEL = "-Onone";
			};
			name = Debug;
		};
		47F0CC3E26C4ABBF00716E0D /* Release */ = {
			isa = XCBuildConfiguration;
			buildSettings = {
				ALWAYS_SEARCH_USER_PATHS = NO;
				CLANG_ANALYZER_NONNULL = YES;
				CLANG_ANALYZER_NUMBER_OBJECT_CONVERSION = YES_AGGRESSIVE;
				CLANG_CXX_LANGUAGE_STANDARD = "gnu++14";
				CLANG_CXX_LIBRARY = "libc++";
				CLANG_ENABLE_MODULES = YES;
				CLANG_ENABLE_OBJC_ARC = YES;
				CLANG_ENABLE_OBJC_WEAK = YES;
				CLANG_WARN_BLOCK_CAPTURE_AUTORELEASING = YES;
				CLANG_WARN_BOOL_CONVERSION = YES;
				CLANG_WARN_COMMA = YES;
				CLANG_WARN_CONSTANT_CONVERSION = YES;
				CLANG_WARN_DEPRECATED_OBJC_IMPLEMENTATIONS = YES;
				CLANG_WARN_DIRECT_OBJC_ISA_USAGE = YES_ERROR;
				CLANG_WARN_DOCUMENTATION_COMMENTS = YES;
				CLANG_WARN_EMPTY_BODY = YES;
				CLANG_WARN_ENUM_CONVERSION = YES;
				CLANG_WARN_INFINITE_RECURSION = YES;
				CLANG_WARN_INT_CONVERSION = YES;
				CLANG_WARN_NON_LITERAL_NULL_CONVERSION = YES;
				CLANG_WARN_OBJC_IMPLICIT_RETAIN_SELF = YES;
				CLANG_WARN_OBJC_LITERAL_CONVERSION = YES;
				CLANG_WARN_OBJC_ROOT_CLASS = YES_ERROR;
				CLANG_WARN_QUOTED_INCLUDE_IN_FRAMEWORK_HEADER = YES;
				CLANG_WARN_RANGE_LOOP_ANALYSIS = YES;
				CLANG_WARN_STRICT_PROTOTYPES = YES;
				CLANG_WARN_SUSPICIOUS_MOVE = YES;
				CLANG_WARN_UNGUARDED_AVAILABILITY = YES_AGGRESSIVE;
				CLANG_WARN_UNREACHABLE_CODE = YES;
				CLANG_WARN__DUPLICATE_METHOD_MATCH = YES;
				COPY_PHASE_STRIP = NO;
				DEBUG_INFORMATION_FORMAT = "dwarf-with-dsym";
				ENABLE_NS_ASSERTIONS = NO;
				ENABLE_STRICT_OBJC_MSGSEND = YES;
				GCC_C_LANGUAGE_STANDARD = gnu11;
				GCC_NO_COMMON_BLOCKS = YES;
				GCC_WARN_64_TO_32_BIT_CONVERSION = YES;
				GCC_WARN_ABOUT_RETURN_TYPE = YES_ERROR;
				GCC_WARN_UNDECLARED_SELECTOR = YES;
				GCC_WARN_UNINITIALIZED_AUTOS = YES_AGGRESSIVE;
				GCC_WARN_UNUSED_FUNCTION = YES;
				GCC_WARN_UNUSED_VARIABLE = YES;
				IPHONEOS_DEPLOYMENT_TARGET = 14.5;
				MTL_ENABLE_DEBUG_INFO = NO;
				MTL_FAST_MATH = YES;
				SDKROOT = iphoneos;
				SWIFT_COMPILATION_MODE = wholemodule;
				SWIFT_OPTIMIZATION_LEVEL = "-O";
				VALIDATE_PRODUCT = YES;
			};
			name = Release;
		};
		47F0CC4026C4ABBF00716E0D /* Debug */ = {
			isa = XCBuildConfiguration;
			buildSettings = {
				ASSETCATALOG_COMPILER_APPICON_NAME = AppIcon;
				ASSETCATALOG_COMPILER_GLOBAL_ACCENT_COLOR_NAME = AccentColor;
				CODE_SIGN_STYLE = Automatic;
				DEVELOPMENT_TEAM = CXT7SA2267;
				INFOPLIST_FILE = iOSTestProject/Info.plist;
				LD_RUNPATH_SEARCH_PATHS = (
					"$(inherited)",
					"@executable_path/Frameworks",
				);
				PRODUCT_BUNDLE_IDENTIFIER = codecoast.iOSTestProject;
				PRODUCT_NAME = "$(TARGET_NAME)";
				SWIFT_VERSION = 5.0;
				TARGETED_DEVICE_FAMILY = "1,2";
			};
			name = Debug;
		};
		47F0CC4126C4ABBF00716E0D /* Release */ = {
			isa = XCBuildConfiguration;
			buildSettings = {
				ASSETCATALOG_COMPILER_APPICON_NAME = AppIcon;
				ASSETCATALOG_COMPILER_GLOBAL_ACCENT_COLOR_NAME = AccentColor;
				CODE_SIGN_STYLE = Automatic;
				DEVELOPMENT_TEAM = CXT7SA2267;
				INFOPLIST_FILE = iOSTestProject/Info.plist;
				LD_RUNPATH_SEARCH_PATHS = (
					"$(inherited)",
					"@executable_path/Frameworks",
				);
				PRODUCT_BUNDLE_IDENTIFIER = codecoast.iOSTestProject;
				PRODUCT_NAME = "$(TARGET_NAME)";
				SWIFT_VERSION = 5.0;
				TARGETED_DEVICE_FAMILY = "1,2";
			};
			name = Release;
		};
		47F0CC4326C4ABBF00716E0D /* Debug */ = {
			isa = XCBuildConfiguration;
			buildSettings = {
				ALWAYS_EMBED_SWIFT_STANDARD_LIBRARIES = YES;
				BUNDLE_LOADER = "$(TEST_HOST)";
				CODE_SIGN_STYLE = Automatic;
				DEVELOPMENT_TEAM = CXT7SA2267;
				INFOPLIST_FILE = iOSTestProjectTests/Info.plist;
				IPHONEOS_DEPLOYMENT_TARGET = 14.5;
				LD_RUNPATH_SEARCH_PATHS = (
					"$(inherited)",
					"@executable_path/Frameworks",
					"@loader_path/Frameworks",
				);
				PRODUCT_BUNDLE_IDENTIFIER = codecoast.iOSTestProjectTests;
				PRODUCT_NAME = "$(TARGET_NAME)";
				SWIFT_VERSION = 5.0;
				TARGETED_DEVICE_FAMILY = "1,2";
				TEST_HOST = "$(BUILT_PRODUCTS_DIR)/iOSTestProject.app/iOSTestProject";
			};
			name = Debug;
		};
		47F0CC4426C4ABBF00716E0D /* Release */ = {
			isa = XCBuildConfiguration;
			buildSettings = {
				ALWAYS_EMBED_SWIFT_STANDARD_LIBRARIES = YES;
				BUNDLE_LOADER = "$(TEST_HOST)";
				CODE_SIGN_STYLE = Automatic;
				DEVELOPMENT_TEAM = CXT7SA2267;
				INFOPLIST_FILE = iOSTestProjectTests/Info.plist;
				IPHONEOS_DEPLOYMENT_TARGET = 14.5;
				LD_RUNPATH_SEARCH_PATHS = (
					"$(inherited)",
					"@executable_path/Frameworks",
					"@loader_path/Frameworks",
				);
				PRODUCT_BUNDLE_IDENTIFIER = codecoast.iOSTestProjectTests;
				PRODUCT_NAME = "$(TARGET_NAME)";
				SWIFT_VERSION = 5.0;
				TARGETED_DEVICE_FAMILY = "1,2";
				TEST_HOST = "$(BUILT_PRODUCTS_DIR)/iOSTestProject.app/iOSTestProject";
			};
			name = Release;
		};
		47F0CC4626C4ABBF00716E0D /* Debug */ = {
			isa = XCBuildConfiguration;
			buildSettings = {
				ALWAYS_EMBED_SWIFT_STANDARD_LIBRARIES = YES;
				CODE_SIGN_STYLE = Automatic;
				DEVELOPMENT_TEAM = CXT7SA2267;
				INFOPLIST_FILE = iOSTestProjectUITests/Info.plist;
				LD_RUNPATH_SEARCH_PATHS = (
					"$(inherited)",
					"@executable_path/Frameworks",
					"@loader_path/Frameworks",
				);
				PRODUCT_BUNDLE_IDENTIFIER = codecoast.iOSTestProjectUITests;
				PRODUCT_NAME = "$(TARGET_NAME)";
				SWIFT_VERSION = 5.0;
				TARGETED_DEVICE_FAMILY = "1,2";
				TEST_TARGET_NAME = iOSTestProject;
			};
			name = Debug;
		};
		47F0CC4726C4ABBF00716E0D /* Release */ = {
			isa = XCBuildConfiguration;
			buildSettings = {
				ALWAYS_EMBED_SWIFT_STANDARD_LIBRARIES = YES;
				CODE_SIGN_STYLE = Automatic;
				DEVELOPMENT_TEAM = CXT7SA2267;
				INFOPLIST_FILE = iOSTestProjectUITests/Info.plist;
				LD_RUNPATH_SEARCH_PATHS = (
					"$(inherited)",
					"@executable_path/Frameworks",
					"@loader_path/Frameworks",
				);
				PRODUCT_BUNDLE_IDENTIFIER = codecoast.iOSTestProjectUITests;
				PRODUCT_NAME = "$(TARGET_NAME)";
				SWIFT_VERSION = 5.0;
				TARGETED_DEVICE_FAMILY = "1,2";
				TEST_TARGET_NAME = iOSTestProject;
			};
			name = Release;
		};
/* End XCBuildConfiguration section */

/* Begin XCConfigurationList section */
		47F0CC1026C4ABBF00716E0D /* Build configuration list for PBXProject "iOSTestProject" */ = {
			isa = XCConfigurationList;
			buildConfigurations = (
				47F0CC3D26C4ABBF00716E0D /* Debug */,
				47F0CC3E26C4ABBF00716E0D /* Release */,
			);
			defaultConfigurationIsVisible = 0;
			defaultConfigurationName = Release;
		};
		47F0CC3F26C4ABBF00716E0D /* Build configuration list for PBXNativeTarget "iOSTestProject" */ = {
			isa = XCConfigurationList;
			buildConfigurations = (
				47F0CC4026C4ABBF00716E0D /* Debug */,
				47F0CC4126C4ABBF00716E0D /* Release */,
			);
			defaultConfigurationIsVisible = 0;
			defaultConfigurationName = Release;
		};
		47F0CC4226C4ABBF00716E0D /* Build configuration list for PBXNativeTarget "iOSTestProjectTests" */ = {
			isa = XCConfigurationList;
			buildConfigurations = (
				47F0CC4326C4ABBF00716E0D /* Debug */,
				47F0CC4426C4ABBF00716E0D /* Release */,
			);
			defaultConfigurationIsVisible = 0;
			defaultConfigurationName = Release;
		};
		47F0CC4526C4ABBF00716E0D /* Build configuration list for PBXNativeTarget "iOSTestProjectUITests" */ = {
			isa = XCConfigurationList;
			buildConfigurations = (
				47F0CC4626C4ABBF00716E0D /* Debug */,
				47F0CC4726C4ABBF00716E0D /* Release */,
			);
			defaultConfigurationIsVisible = 0;
			defaultConfigurationName = Release;
		};
/* End XCConfigurationList section */
	};
	rootObject = 47F0CC0D26C4ABBF00716E0D /* Project object */;
}
